
Microsoft Visual Studio Solution File, Format Version 12.00
# Visual Studio Version 18
VisualStudioVersion = 18.7.11903.348 stable
MinimumVisualStudioVersion = 10.0.40219.1
Project("{FAE04EC0-301F-11D3-BF4B-00C04F79EFBC}") = "Success24v2", "Success24v2\Success24v2.csproj", "{AD2F4C33-6E62-4D10-A57B-1CF53F1064C8}"
EndProject
Global
	GlobalSection(SolutionConfigurationPlatforms) = preSolution
		Debug|Any CPU = Debug|Any CPU
		Release|Any CPU = Release|Any CPU
	EndGlobalSection
	GlobalSection(ProjectConfigurationPlatforms) = postSolution
		{AD2F4C33-6E62-4D10-A57B-1CF53F1064C8}.Debug|Any CPU.ActiveCfg = Debug|Any CPU
		{AD2F4C33-6E62-4D10-A57B-1CF53F1064C8}.Debug|Any CPU.Build.0 = Debug|Any CPU
		{AD2F4C33-6E62-4D10-A57B-1CF53F1064C8}.Release|Any CPU.ActiveCfg = Release|Any CPU
		{AD2F4C33-6E62-4D10-A57B-1CF53F1064C8}.Release|Any CPU.Build.0 = Release|Any CPU
	EndGlobalSection
	GlobalSection(SolutionProperties) = preSolution
		HideSolutionNode = FALSE
	EndGlobalSection
	GlobalSection(ExtensibilityGlobals) = postSolution
		SolutionGuid = {23C7A7E1-2D25-4AC7-838A-288FE62BD2AD}
	EndGlobalSection
EndGlobal
